
Microsoft Visual Studio Solution File, Format Version 12.00
# Visual Studio Version 17
VisualStudioVersion = 17.5.002.0
MinimumVisualStudioVersion = 10.0.40219.1

Project("{9A19103F-16F7-4668-BE54-9A1E7A4F7556}") = "Shared-lib", "Shared-lib\Shared-lib.csproj", "{4BFCCCD1-EA8A-418B-89DD-9479E676039E}"
EndProject
Global
	GlobalSection(SolutionConfigurationPlatforms) = preSolution
		Debug|Any CPU = Debug|Any CPU
		Release|Any CPU = Release|Any CPU
	EndGlobalSection
	GlobalSection(ProjectConfigurationPlatforms) = postSolution
		{89A6A4D2-7E5A-4114-8D57-877AD89B9EC9}.Debug|Any CPU.ActiveCfg = Debug|Any CPU
		{89A6A4D2-7E5A-4114-8D57-877AD89B9EC9}.Debug|Any CPU.Build.0 = Debug|Any CPU
		{89A6A4D2-7E5A-4114-8D57-877AD89B9EC9}.Release|Any CPU.ActiveCfg = Release|Any CPU
		{89A6A4D2-7E5A-4114-8D57-877AD89B9EC9}.Release|Any CPU.Build.0 = Release|Any CPU
		{4BFCCCD1-EA8A-418B-89DD-9479E676039E}.Debug|Any CPU.ActiveCfg = Debug|Any CPU
		{4BFCCCD1-EA8A-418B-89DD-9479E676039E}.Debug|Any CPU.Build.0 = Debug|Any CPU
		{4BFCCCD1-EA8A-418B-89DD-9479E676039E}.Release|Any CPU.ActiveCfg = Release|Any CPU
		{4BFCCCD1-EA8A-418B-89DD-9479E676039E}.Release|Any CPU.Build.0 = Release|Any CPU
	EndGlobalSection
	GlobalSection(SolutionProperties) = preSolution
		HideSolutionNode = FALSE
	EndGlobalSection
	GlobalSection(ExtensibilityGlobals) = postSolution
		SolutionGuid = {DD22BB55-DEB2-4C79-A36B-0ECF687B7D8F}
	EndGlobalSection
EndGlobal
